<?xml version="1.0" encoding="utf-8"?>
<Project ToolsVersion="4.0" xmlns="http://schemas.microsoft.com/developer/msbuild/2003">
  <ItemGroup>
    <Filter Include="Fichiers sources">
      <UniqueIdentifier>{4FC737F1-C7A5-4376-A066-2A32D752A2FF}</UniqueIdentifier>
      <Extensions>cpp;c;cc;cxx;def;odl;idl;hpj;bat;asm;asmx</Extensions>
    </Filter>
    <Filter Include="Fichiers d%27en-tête">
      <UniqueIdentifier>{93995380-89BD-4b04-88EB-625FBE52EBFB}</UniqueIdentifier>
      <Extensions>h;hh;hpp;hxx;hm;inl;inc;xsd</Extensions>
    </Filter>
    <Filter Include="Fichiers de ressources">
      <UniqueIdentifier>{67DA6AB6-F800-4c08-8B7A-83BB121AAD01}</UniqueIdentifier>
      <Extensions>rc;ico;cur;bmp;dlg;rc2;rct;bin;rgs;gif;jpg;jpeg;jpe;resx;tiff;tif;png;wav;mfcribbon-ms</Extensions>
    </Filter>
    <Filter Include="Fichiers sources\Item">
      <UniqueIdentifier>{0bed0984-6061-4923-84dd-8479f7da7e37}</UniqueIdentifier>
    </Filter>
    <Filter Include="Fichiers sources\Engine">
      <UniqueIdentifier>{25e57006-eb54-456d-a731-be1e60c1f746}</UniqueIdentifier>
    </Filter>
  </ItemGroup>
  <ItemGroup>
    <Text Include="ReadMe.txt" />
  </ItemGroup>
  <ItemGroup>
    <ClCompile Include="monMain.cpp">
      <Filter>Fichiers sources</Filter>
    </ClCompile>
    <ClCompile Include="Item.cpp">
      <Filter>Fichiers sources\Item</Filter>
    </ClCompile>
    <ClCompile Include="User.cpp">
      <Filter>Fichiers sources\Item</Filter>
    </ClCompile>
    <ClCompile Include="Engine.cpp">
      <Filter>Fichiers sources\Engine</Filter>
    </ClCompile>
    <ClCompile Include="Graphic.cpp">
      <Filter>Fichiers sources\Engine</Filter>
    </ClCompile>
    <ClCompile Include="Drawing.cpp">
      <Filter>Fichiers sources\Engine</Filter>
    </ClCompile>
    <ClCompile Include="SceneryItem.cpp">
      <Filter>Fichiers sources\Item</Filter>
    </ClCompile>
    <ClCompile Include="Cloud.cpp">
      <Filter>Fichiers sources\Item</Filter>
    </ClCompile>
    <ClCompile Include="CloudEasy.cpp">
      <Filter>Fichiers sources\Item</Filter>
    </ClCompile>
    <ClCompile Include="Sculptor.cpp">
      <Filter>Fichiers sources\Item</Filter>
    </ClCompile>
  </ItemGroup>
  <ItemGroup>
    <ClInclude Include="Drawing.h">
      <Filter>Fichiers d%27en-tête</Filter>
    </ClInclude>
    <ClInclude Include="Engine.h">
      <Filter>Fichiers d%27en-tête</Filter>
    </ClInclude>
    <ClInclude Include="Graphic.h">
      <Filter>Fichiers d%27en-tête</Filter>
    </ClInclude>
    <ClInclude Include="Item.h">
      <Filter>Fichiers d%27en-tête</Filter>
    </ClInclude>
    <ClInclude Include="User.h">
      <Filter>Fichiers d%27en-tête</Filter>
    </ClInclude>
    <ClInclude Include="monMain.h">
      <Filter>Fichiers d%27en-tête</Filter>
    </ClInclude>
    <ClInclude Include="SceneryItem.h">
      <Filter>Fichiers d%27en-tête</Filter>
    </ClInclude>
    <ClInclude Include="Cloud.h">
      <Filter>Fichiers d%27en-tête</Filter>
    </ClInclude>
    <ClInclude Include="CloudEasy.h">
      <Filter>Fichiers d%27en-tête</Filter>
    </ClInclude>
    <ClInclude Include="Sculptor.h">
      <Filter>Fichiers d%27en-tête</Filter>
    </ClInclude>
  </ItemGroup>
</Project>