<?xml version="1.0" encoding="utf-8"?>
<Project ToolsVersion="4.0" xmlns="http://schemas.microsoft.com/developer/msbuild/2003">
  <ItemGroup>
    <Filter Include="Fichiers sources">
      <UniqueIdentifier>{4FC737F1-C7A5-4376-A066-2A32D752A2FF}</UniqueIdentifier>
      <Extensions>cpp;c;cc;cxx;def;odl;idl;hpj;bat;asm;asmx</Extensions>
    </Filter>
    <Filter Include="Fichiers d%27en-tête">
      <UniqueIdentifier>{93995380-89BD-4b04-88EB-625FBE52EBFB}</UniqueIdentifier>
      <Extensions>h;hh;hpp;hxx;hm;inl;inc;xsd</Extensions>
    </Filter>
    <Filter Include="Fichiers de ressources">
      <UniqueIdentifier>{67DA6AB6-F800-4c08-8B7A-83BB121AAD01}</UniqueIdentifier>
      <Extensions>rc;ico;cur;bmp;dlg;rc2;rct;bin;rgs;gif;jpg;jpeg;jpe;resx;tiff;tif;png;wav;mfcribbon-ms</Extensions>
    </Filter>
    <Filter Include="Fichiers sources\Item">
      <UniqueIdentifier>{0bed0984-6061-4923-84dd-8479f7da7e37}</UniqueIdentifier>
    </Filter>
    <Filter Include="Fichiers sources\Engine">
      <UniqueIdentifier>{25e57006-eb54-456d-a731-be1e60c1f746}</UniqueIdentifier>
    </Filter>
  </ItemGroup>
  <ItemGroup>
    <Text Include="ReadMe.txt" />
  </ItemGroup>
  <ItemGroup>
    <ClCompile Include="monMain.cpp">
      <Filter>Fichiers sources</Filter>
    </ClCompile>
    <ClCompile Include="Item.cpp">
      <Filter>Fichiers sources\Item</Filter>
    </ClCompile>
    <ClCompile Include="User.cpp">
      <Filter>Fichiers sources\Item</Filter>
    </ClCompile>
    <ClCompile Include="Engine.cpp">
      <Filter>Fichiers sources\Engine</Filter>
    </ClCompile>
    <ClCompile Include="SceneryItem.cpp">
      <Filter>Fichiers sources\Item</Filter>
    </ClCompile>
    <ClCompile Include="Cloud.cpp">
      <Filter>Fichiers sources\Item</Filter>
    </ClCompile>
    <ClCompile Include="Sculptor.cpp">
      <Filter>Fichiers sources\Item</Filter>
    </ClCompile>
    <ClCompile Include="SceneryRectangleBasic.cpp">
      <Filter>Fichiers sources\Item</Filter>
    </ClCompile>
    <ClCompile Include="CloudEasy1.cpp">
      <Filter>Fichiers sources\Item</Filter>
    </ClCompile>
    <ClCompile Include="CloudBoss1.cpp">
      <Filter>Fichiers sources\Item</Filter>
    </ClCompile>
    <ClCompile Include="CloudEasy2.cpp">
      <Filter>Fichiers sources\Item</Filter>
    </ClCompile>
    <ClCompile Include="CloudEasy3.cpp">
      <Filter>Fichiers sources\Item</Filter>
    </ClCompile>
    <ClCompile Include="CloudEasy4.cpp">
      <Filter>Fichiers sources\Item</Filter>
    </ClCompile>
    <ClCompile Include="CloudEasy5.cpp">
      <Filter>Fichiers sources\Item</Filter>
    </ClCompile>
    <ClCompile Include="CloudEasy6.cpp">
      <Filter>Fichiers sources\Item</Filter>
    </ClCompile>
    <ClCompile Include="CloudEasy7.cpp">
      <Filter>Fichiers sources\Item</Filter>
    </ClCompile>
    <ClCompile Include="CloudEasy8.cpp">
      <Filter>Fichiers sources\Item</Filter>
    </ClCompile>
    <ClCompile Include="CloudEasy9.cpp">
      <Filter>Fichiers sources\Item</Filter>
    </ClCompile>
    <ClCompile Include="CloudEasy10.cpp">
      <Filter>Fichiers sources\Item</Filter>
    </ClCompile>
    <ClCompile Include="CloudBoss6.cpp">
      <Filter>Fichiers sources\Item</Filter>
    </ClCompile>
    <ClCompile Include="CloudBoss5.cpp">
      <Filter>Fichiers sources\Item</Filter>
    </ClCompile>
    <ClCompile Include="CloudBoss4.cpp">
      <Filter>Fichiers sources\Item</Filter>
    </ClCompile>
    <ClCompile Include="CloudBoss3.cpp">
      <Filter>Fichiers sources\Item</Filter>
    </ClCompile>
    <ClCompile Include="CloudBoss2.cpp">
      <Filter>Fichiers sources\Item</Filter>
    </ClCompile>
    <ClCompile Include="TextureManager.cpp">
      <Filter>Fichiers sources\Engine</Filter>
    </ClCompile>
  </ItemGroup>
  <ItemGroup>
    <ClInclude Include="Engine.h">
      <Filter>Fichiers d%27en-tête</Filter>
    </ClInclude>
    <ClInclude Include="Item.h">
      <Filter>Fichiers d%27en-tête</Filter>
    </ClInclude>
    <ClInclude Include="User.h">
      <Filter>Fichiers d%27en-tête</Filter>
    </ClInclude>
    <ClInclude Include="monMain.h">
      <Filter>Fichiers d%27en-tête</Filter>
    </ClInclude>
    <ClInclude Include="SceneryItem.h">
      <Filter>Fichiers d%27en-tête</Filter>
    </ClInclude>
    <ClInclude Include="Cloud.h">
      <Filter>Fichiers d%27en-tête</Filter>
    </ClInclude>
    <ClInclude Include="Sculptor.h">
      <Filter>Fichiers d%27en-tête</Filter>
    </ClInclude>
    <ClInclude Include="SceneryRectangleBasic.h">
      <Filter>Fichiers d%27en-tête</Filter>
    </ClInclude>
    <ClInclude Include="CloudBoss1.h">
      <Filter>Fichiers d%27en-tête</Filter>
    </ClInclude>
    <ClInclude Include="CloudEasy1.h">
      <Filter>Fichiers d%27en-tête</Filter>
    </ClInclude>
    <ClInclude Include="CloudEasy2.h">
      <Filter>Fichiers d%27en-tête</Filter>
    </ClInclude>
    <ClInclude Include="CloudEasy3.h">
      <Filter>Fichiers d%27en-tête</Filter>
    </ClInclude>
    <ClInclude Include="CloudEasy4.h">
      <Filter>Fichiers d%27en-tête</Filter>
    </ClInclude>
    <ClInclude Include="CloudEasy5.h">
      <Filter>Fichiers d%27en-tête</Filter>
    </ClInclude>
    <ClInclude Include="CloudEasy6.h">
      <Filter>Fichiers d%27en-tête</Filter>
    </ClInclude>
    <ClInclude Include="CloudEasy7.h">
      <Filter>Fichiers d%27en-tête</Filter>
    </ClInclude>
    <ClInclude Include="CloudEasy8.h">
      <Filter>Fichiers d%27en-tête</Filter>
    </ClInclude>
    <ClInclude Include="CloudEasy9.h">
      <Filter>Fichiers d%27en-tête</Filter>
    </ClInclude>
    <ClInclude Include="CloudEasy10.h">
      <Filter>Fichiers d%27en-tête</Filter>
    </ClInclude>
    <ClInclude Include="CloudBoss2.h">
      <Filter>Fichiers d%27en-tête</Filter>
    </ClInclude>
    <ClInclude Include="CloudBoss3.h">
      <Filter>Fichiers d%27en-tête</Filter>
    </ClInclude>
    <ClInclude Include="CloudBoss4.h">
      <Filter>Fichiers d%27en-tête</Filter>
    </ClInclude>
    <ClInclude Include="CloudBoss5.h">
      <Filter>Fichiers d%27en-tête</Filter>
    </ClInclude>
    <ClInclude Include="CloudBoss6.h">
      <Filter>Fichiers d%27en-tête</Filter>
    </ClInclude>
    <ClInclude Include="TextureManager.h">
      <Filter>Fichiers d%27en-tête</Filter>
    </ClInclude>
  </ItemGroup>
  <ItemGroup>
    <Image Include="Sprite\chaton.jpg">
      <Filter>Fichiers de ressources</Filter>
    </Image>
  </ItemGroup>
</Project>